
Microsoft Visual Studio Solution File, Format Version 12.00
# Visual Studio 2015
Project("{FAE04EC0-301F-11D3-BF4B-00C04F79EFBC}") = "InspectAnimation", "InspectAnimation.csproj", "{A1ACC915-8C5F-1EE8-E032-4BDA426BE08D}"
EndProject
Global
	GlobalSection(SolutionConfigurationPlatforms) = preSolution
		Debug|Any CPU = Debug|Any CPU
		Release|Any CPU = Release|Any CPU
	EndGlobalSection
	GlobalSection(ProjectConfigurationPlatforms) = postSolution
		{A1ACC915-8C5F-1EE8-E032-4BDA426BE08D}.Debug|Any CPU.ActiveCfg = Debug|Any CPU
		{A1ACC915-8C5F-1EE8-E032-4BDA426BE08D}.Debug|Any CPU.Build.0 = Debug|Any CPU
		{A1ACC915-8C5F-1EE8-E032-4BDA426BE08D}.Release|Any CPU.ActiveCfg = Release|Any CPU
		{A1ACC915-8C5F-1EE8-E032-4BDA426BE08D}.Release|Any CPU.Build.0 = Release|Any CPU
	EndGlobalSection
	GlobalSection(SolutionProperties) = preSolution
		HideSolutionNode = FALSE
	EndGlobalSection
EndGlobal
